{
  "name": "mini-capstone-api",
  "lockfileVersion": 2,
  "requires": true,
  "packages": {
    "": {
      "dependencies": {
        "vue-multiselect": "^3.0.0-alpha.2"
      }
    },
    "node_modules/vue-multiselect": {
      "version": "3.0.0-alpha.2",
      "resolved": "https://registry.npmjs.org/vue-multiselect/-/vue-multiselect-3.0.0-alpha.2.tgz",
      "integrity": "sha512-Xp9fGJECns45v+v8jXbCIsAkCybYkEg0lNwr7Z6HDUSMyx2TEIK2giipPE+qXiShEc1Ipn+ZtttH2iq9hwXP4Q==",
      "engines": {
        "node": ">= 4.0.0",
        "npm": ">= 3.0.0"
      }
    }
  },
  "dependencies": {
    "vue-multiselect": {
      "version": "3.0.0-alpha.2",
      "resolved": "https://registry.npmjs.org/vue-multiselect/-/vue-multiselect-3.0.0-alpha.2.tgz",
      "integrity": "sha512-Xp9fGJECns45v+v8jXbCIsAkCybYkEg0lNwr7Z6HDUSMyx2TEIK2giipPE+qXiShEc1Ipn+ZtttH2iq9hwXP4Q=="
    }
  }
}
